
Microsoft Visual Studio Solution File, Format Version 12.00
# Visual Studio 15
Project("{FAE04EC0-301F-11D3-BF4B-00C04F79EFBC}") = "PHD.Android", "PHD.Android\PHD.Android.csproj", "{19A7D688-BDE2-4922-B9F1-8EA82810833A}"
EndProject
Project("{FAE04EC0-301F-11D3-BF4B-00C04F79EFBC}") = "PHD.iOS", "PHD.iOS\PHD.iOS.csproj", "{24D7EF50-60CE-43E0-9051-50BC37C28BC9}"
EndProject
Project("{FAE04EC0-301F-11D3-BF4B-00C04F79EFBC}") = "PHD", "PHD\PHD.csproj", "{5CA1BD58-0160-4356-BB36-783299EE76A0}"
EndProject
Global
	GlobalSection(SolutionConfigurationPlatforms) = preSolution
		Debug|Any CPU = Debug|Any CPU
		Release|Any CPU = Release|Any CPU
		Debug|iPhoneSimulator = Debug|iPhoneSimulator
		Release|iPhoneSimulator = Release|iPhoneSimulator
		Debug|iPhone = Debug|iPhone
		Release|iPhone = Release|iPhone
	EndGlobalSection
	GlobalSection(ProjectConfigurationPlatforms) = postSolution
		{19A7D688-BDE2-4922-B9F1-8EA82810833A}.Debug|Any CPU.ActiveCfg = Debug|Any CPU
		{19A7D688-BDE2-4922-B9F1-8EA82810833A}.Debug|Any CPU.Build.0 = Debug|Any CPU
		{19A7D688-BDE2-4922-B9F1-8EA82810833A}.Release|Any CPU.ActiveCfg = Release|Any CPU
		{19A7D688-BDE2-4922-B9F1-8EA82810833A}.Release|Any CPU.Build.0 = Release|Any CPU
		{19A7D688-BDE2-4922-B9F1-8EA82810833A}.Debug|iPhoneSimulator.ActiveCfg = Debug|Any CPU
		{19A7D688-BDE2-4922-B9F1-8EA82810833A}.Debug|iPhoneSimulator.Build.0 = Debug|Any CPU
		{19A7D688-BDE2-4922-B9F1-8EA82810833A}.Release|iPhoneSimulator.ActiveCfg = Release|Any CPU
		{19A7D688-BDE2-4922-B9F1-8EA82810833A}.Release|iPhoneSimulator.Build.0 = Release|Any CPU
		{19A7D688-BDE2-4922-B9F1-8EA82810833A}.Debug|iPhone.ActiveCfg = Debug|Any CPU
		{19A7D688-BDE2-4922-B9F1-8EA82810833A}.Debug|iPhone.Build.0 = Debug|Any CPU
		{19A7D688-BDE2-4922-B9F1-8EA82810833A}.Release|iPhone.ActiveCfg = Release|Any CPU
		{19A7D688-BDE2-4922-B9F1-8EA82810833A}.Release|iPhone.Build.0 = Release|Any CPU
		{24D7EF50-60CE-43E0-9051-50BC37C28BC9}.Debug|Any CPU.ActiveCfg = Debug|iPhoneSimulator
		{24D7EF50-60CE-43E0-9051-50BC37C28BC9}.Debug|Any CPU.Build.0 = Debug|iPhoneSimulator
		{24D7EF50-60CE-43E0-9051-50BC37C28BC9}.Release|Any CPU.ActiveCfg = Release|iPhoneSimulator
		{24D7EF50-60CE-43E0-9051-50BC37C28BC9}.Release|Any CPU.Build.0 = Release|iPhoneSimulator
		{24D7EF50-60CE-43E0-9051-50BC37C28BC9}.Debug|iPhoneSimulator.ActiveCfg = Debug|iPhoneSimulator
		{24D7EF50-60CE-43E0-9051-50BC37C28BC9}.Debug|iPhoneSimulator.Build.0 = Debug|iPhoneSimulator
		{24D7EF50-60CE-43E0-9051-50BC37C28BC9}.Release|iPhoneSimulator.ActiveCfg = Release|iPhoneSimulator
		{24D7EF50-60CE-43E0-9051-50BC37C28BC9}.Release|iPhoneSimulator.Build.0 = Release|iPhoneSimulator
		{24D7EF50-60CE-43E0-9051-50BC37C28BC9}.Debug|iPhone.ActiveCfg = Debug|iPhone
		{24D7EF50-60CE-43E0-9051-50BC37C28BC9}.Debug|iPhone.Build.0 = Debug|iPhone
		{24D7EF50-60CE-43E0-9051-50BC37C28BC9}.Release|iPhone.ActiveCfg = Release|iPhone
		{24D7EF50-60CE-43E0-9051-50BC37C28BC9}.Release|iPhone.Build.0 = Release|iPhone
		{5CA1BD58-0160-4356-BB36-783299EE76A0}.Debug|Any CPU.ActiveCfg = Debug|Any CPU
		{5CA1BD58-0160-4356-BB36-783299EE76A0}.Debug|Any CPU.Build.0 = Debug|Any CPU
		{5CA1BD58-0160-4356-BB36-783299EE76A0}.Release|Any CPU.ActiveCfg = Release|Any CPU
		{5CA1BD58-0160-4356-BB36-783299EE76A0}.Release|Any CPU.Build.0 = Release|Any CPU
		{5CA1BD58-0160-4356-BB36-783299EE76A0}.Debug|iPhoneSimulator.ActiveCfg = Debug|Any CPU
		{5CA1BD58-0160-4356-BB36-783299EE76A0}.Debug|iPhoneSimulator.Build.0 = Debug|Any CPU
		{5CA1BD58-0160-4356-BB36-783299EE76A0}.Release|iPhoneSimulator.ActiveCfg = Release|Any CPU
		{5CA1BD58-0160-4356-BB36-783299EE76A0}.Release|iPhoneSimulator.Build.0 = Release|Any CPU
		{5CA1BD58-0160-4356-BB36-783299EE76A0}.Debug|iPhone.ActiveCfg = Debug|Any CPU
		{5CA1BD58-0160-4356-BB36-783299EE76A0}.Debug|iPhone.Build.0 = Debug|Any CPU
		{5CA1BD58-0160-4356-BB36-783299EE76A0}.Release|iPhone.ActiveCfg = Release|Any CPU
		{5CA1BD58-0160-4356-BB36-783299EE76A0}.Release|iPhone.Build.0 = Release|Any CPU
	EndGlobalSection
EndGlobal
